
Microsoft Visual Studio Solution File, Format Version 12.00
# Visual Studio Version 17
VisualStudioVersion = 17.13.35919.96 d17.13
MinimumVisualStudioVersion = 10.0.40219.1
Project("{FAE04EC0-301F-11D3-BF4B-00C04F79EFBC}") = "TicketBooking_System", "TicketBooking_System\TicketBooking_System.csproj", "{97CEEC34-EB04-4CA2-8910-930F2EC42B73}"
EndProject
Global
	GlobalSection(SolutionConfigurationPlatforms) = preSolution
		Debug|Any CPU = Debug|Any CPU
		Release|Any CPU = Release|Any CPU
	EndGlobalSection
	GlobalSection(ProjectConfigurationPlatforms) = postSolution
		{97CEEC34-EB04-4CA2-8910-930F2EC42B73}.Debug|Any CPU.ActiveCfg = Debug|Any CPU
		{97CEEC34-EB04-4CA2-8910-930F2EC42B73}.Debug|Any CPU.Build.0 = Debug|Any CPU
		{97CEEC34-EB04-4CA2-8910-930F2EC42B73}.Release|Any CPU.ActiveCfg = Release|Any CPU
		{97CEEC34-EB04-4CA2-8910-930F2EC42B73}.Release|Any CPU.Build.0 = Release|Any CPU
	EndGlobalSection
	GlobalSection(SolutionProperties) = preSolution
		HideSolutionNode = FALSE
	EndGlobalSection
	GlobalSection(ExtensibilityGlobals) = postSolution
		SolutionGuid = {A16D7DAE-A827-455D-B90A-5442369BC1BF}
	EndGlobalSection
EndGlobal
