
Microsoft Visual Studio Solution File, Format Version 12.00
# Visual Studio Version 17
VisualStudioVersion = 17.13.35919.96 d17.13
MinimumVisualStudioVersion = 10.0.40219.1
Project("{FAE04EC0-301F-11D3-BF4B-00C04F79EFBC}") = "CarRentalSystem", "CarRentalSystem\CarRentalSystem.csproj", "{97F14031-2939-444A-B131-2A7D732FFFAA}"
EndProject
Global
	GlobalSection(SolutionConfigurationPlatforms) = preSolution
		Debug|Any CPU = Debug|Any CPU
		Release|Any CPU = Release|Any CPU
	EndGlobalSection
	GlobalSection(ProjectConfigurationPlatforms) = postSolution
		{97F14031-2939-444A-B131-2A7D732FFFAA}.Debug|Any CPU.ActiveCfg = Debug|Any CPU
		{97F14031-2939-444A-B131-2A7D732FFFAA}.Debug|Any CPU.Build.0 = Debug|Any CPU
		{97F14031-2939-444A-B131-2A7D732FFFAA}.Release|Any CPU.ActiveCfg = Release|Any CPU
		{97F14031-2939-444A-B131-2A7D732FFFAA}.Release|Any CPU.Build.0 = Release|Any CPU
	EndGlobalSection
	GlobalSection(SolutionProperties) = preSolution
		HideSolutionNode = FALSE
	EndGlobalSection
	GlobalSection(ExtensibilityGlobals) = postSolution
		SolutionGuid = {D817E012-D22B-471B-8A7A-91021ACD7E51}
	EndGlobalSection
EndGlobal
